
Microsoft Visual Studio Solution File, Format Version 12.00
# Visual Studio Version 16
VisualStudioVersion = 16.0.30413.136
MinimumVisualStudioVersion = 10.0.40219.1
Project("{FAE04EC0-301F-11D3-BF4B-00C04F79EFBC}") = "Som", "Som\Som.csproj", "{845BDFB0-F2AC-4EBE-AB79-D781A69C3566}"
EndProject
Global
	GlobalSection(SolutionConfigurationPlatforms) = preSolution
		Debug|Any CPU = Debug|Any CPU
		Release|Any CPU = Release|Any CPU
	EndGlobalSection
	GlobalSection(ProjectConfigurationPlatforms) = postSolution
		{845BDFB0-F2AC-4EBE-AB79-D781A69C3566}.Debug|Any CPU.ActiveCfg = Debug|Any CPU
		{845BDFB0-F2AC-4EBE-AB79-D781A69C3566}.Debug|Any CPU.Build.0 = Debug|Any CPU
		{845BDFB0-F2AC-4EBE-AB79-D781A69C3566}.Release|Any CPU.ActiveCfg = Release|Any CPU
		{845BDFB0-F2AC-4EBE-AB79-D781A69C3566}.Release|Any CPU.Build.0 = Release|Any CPU
	EndGlobalSection
	GlobalSection(SolutionProperties) = preSolution
		HideSolutionNode = FALSE
	EndGlobalSection
	GlobalSection(ExtensibilityGlobals) = postSolution
		SolutionGuid = {09E722CE-597E-4B88-99A6-CFCD93FDADDC}
	EndGlobalSection
EndGlobal
